
Microsoft Visual Studio Solution File, Format Version 12.00
# Visual Studio Version 17
VisualStudioVersion = 17.2.32516.85
MinimumVisualStudioVersion = 10.0.40219.1
Project("{9A19103F-16F7-4668-BE54-9A1E7A4F7556}") = "ThrowingStonesGame.API", "ThrowingStonesGame.API\ThrowingStonesGame.API.csproj", "{8E8CE131-CABD-48E2-ABB2-5310D229C579}"
EndProject
Project("{2150E333-8FDC-42A3-9474-1A3956D46DE8}") = "ThrowingStonesGame", "ThrowingStonesGame", "{D00C67F7-4295-4602-BC31-F61FE9930D30}"
EndProject
Project("{2150E333-8FDC-42A3-9474-1A3956D46DE8}") = "Infrastructure", "Infrastructure", "{DB2E9F8A-EEEB-4F27-A823-00488980546C}"
EndProject
Project("{2150E333-8FDC-42A3-9474-1A3956D46DE8}") = "Application", "Application", "{CDECC5CA-A716-4B7A-9FD6-693850FB941A}"
EndProject
Project("{2150E333-8FDC-42A3-9474-1A3956D46DE8}") = "Domain", "Domain", "{3F7E9AF5-B22D-474D-A492-910846DB90FE}"
EndProject
Project("{2150E333-8FDC-42A3-9474-1A3956D46DE8}") = "Tests", "Tests", "{36B7B135-D862-4232-9DE8-78496955DBBC}"
EndProject
Project("{9A19103F-16F7-4668-BE54-9A1E7A4F7556}") = "ThrowingStonesGame.Infrastructure", "ThrowingStonesGame.Infrastructure\ThrowingStonesGame.Infrastructure.csproj", "{F90F4E22-0055-4EC0-9650-2F2007E5631C}"
EndProject
Project("{9A19103F-16F7-4668-BE54-9A1E7A4F7556}") = "ThrowingStonesGame.Application", "ThrowingStonesGame.Application\ThrowingStonesGame.Application.csproj", "{07B7CC3B-2E7C-4411-89D4-427F128EBB48}"
EndProject
Project("{9A19103F-16F7-4668-BE54-9A1E7A4F7556}") = "ThrowingStonesGame.Domain", "ThrowingStonesGame.Domain\ThrowingStonesGame.Domain.csproj", "{38FDB1B7-5079-43D6-A1E2-4EBB0BEF9288}"
EndProject
Project("{9A19103F-16F7-4668-BE54-9A1E7A4F7556}") = "ThrowingStonesGame.Tests", "ThrowingStonesGame.Tests\ThrowingStonesGame.Tests.csproj", "{9EC0EFE6-C92E-4F13-9825-317C7419DE58}"
EndProject
Project("{2150E333-8FDC-42A3-9474-1A3956D46DE8}") = "Api", "Api", "{EA83D8EE-4512-46F6-A174-E2572CEFD4E0}"
EndProject
Global
	GlobalSection(SolutionConfigurationPlatforms) = preSolution
		Debug|Any CPU = Debug|Any CPU
		Release|Any CPU = Release|Any CPU
	EndGlobalSection
	GlobalSection(ProjectConfigurationPlatforms) = postSolution
		{8E8CE131-CABD-48E2-ABB2-5310D229C579}.Debug|Any CPU.ActiveCfg = Debug|Any CPU
		{8E8CE131-CABD-48E2-ABB2-5310D229C579}.Debug|Any CPU.Build.0 = Debug|Any CPU
		{8E8CE131-CABD-48E2-ABB2-5310D229C579}.Release|Any CPU.ActiveCfg = Release|Any CPU
		{8E8CE131-CABD-48E2-ABB2-5310D229C579}.Release|Any CPU.Build.0 = Release|Any CPU
		{F90F4E22-0055-4EC0-9650-2F2007E5631C}.Debug|Any CPU.ActiveCfg = Debug|Any CPU
		{F90F4E22-0055-4EC0-9650-2F2007E5631C}.Debug|Any CPU.Build.0 = Debug|Any CPU
		{F90F4E22-0055-4EC0-9650-2F2007E5631C}.Release|Any CPU.ActiveCfg = Release|Any CPU
		{F90F4E22-0055-4EC0-9650-2F2007E5631C}.Release|Any CPU.Build.0 = Release|Any CPU
		{07B7CC3B-2E7C-4411-89D4-427F128EBB48}.Debug|Any CPU.ActiveCfg = Debug|Any CPU
		{07B7CC3B-2E7C-4411-89D4-427F128EBB48}.Debug|Any CPU.Build.0 = Debug|Any CPU
		{07B7CC3B-2E7C-4411-89D4-427F128EBB48}.Release|Any CPU.ActiveCfg = Release|Any CPU
		{07B7CC3B-2E7C-4411-89D4-427F128EBB48}.Release|Any CPU.Build.0 = Release|Any CPU
		{38FDB1B7-5079-43D6-A1E2-4EBB0BEF9288}.Debug|Any CPU.ActiveCfg = Debug|Any CPU
		{38FDB1B7-5079-43D6-A1E2-4EBB0BEF9288}.Debug|Any CPU.Build.0 = Debug|Any CPU
		{38FDB1B7-5079-43D6-A1E2-4EBB0BEF9288}.Release|Any CPU.ActiveCfg = Release|Any CPU
		{38FDB1B7-5079-43D6-A1E2-4EBB0BEF9288}.Release|Any CPU.Build.0 = Release|Any CPU
		{9EC0EFE6-C92E-4F13-9825-317C7419DE58}.Debug|Any CPU.ActiveCfg = Debug|Any CPU
		{9EC0EFE6-C92E-4F13-9825-317C7419DE58}.Debug|Any CPU.Build.0 = Debug|Any CPU
		{9EC0EFE6-C92E-4F13-9825-317C7419DE58}.Release|Any CPU.ActiveCfg = Release|Any CPU
		{9EC0EFE6-C92E-4F13-9825-317C7419DE58}.Release|Any CPU.Build.0 = Release|Any CPU
	EndGlobalSection
	GlobalSection(SolutionProperties) = preSolution
		HideSolutionNode = FALSE
	EndGlobalSection
	GlobalSection(NestedProjects) = preSolution
		{8E8CE131-CABD-48E2-ABB2-5310D229C579} = {EA83D8EE-4512-46F6-A174-E2572CEFD4E0}
		{DB2E9F8A-EEEB-4F27-A823-00488980546C} = {D00C67F7-4295-4602-BC31-F61FE9930D30}
		{CDECC5CA-A716-4B7A-9FD6-693850FB941A} = {D00C67F7-4295-4602-BC31-F61FE9930D30}
		{3F7E9AF5-B22D-474D-A492-910846DB90FE} = {D00C67F7-4295-4602-BC31-F61FE9930D30}
		{36B7B135-D862-4232-9DE8-78496955DBBC} = {D00C67F7-4295-4602-BC31-F61FE9930D30}
		{F90F4E22-0055-4EC0-9650-2F2007E5631C} = {DB2E9F8A-EEEB-4F27-A823-00488980546C}
		{07B7CC3B-2E7C-4411-89D4-427F128EBB48} = {CDECC5CA-A716-4B7A-9FD6-693850FB941A}
		{38FDB1B7-5079-43D6-A1E2-4EBB0BEF9288} = {3F7E9AF5-B22D-474D-A492-910846DB90FE}
		{9EC0EFE6-C92E-4F13-9825-317C7419DE58} = {36B7B135-D862-4232-9DE8-78496955DBBC}
		{EA83D8EE-4512-46F6-A174-E2572CEFD4E0} = {D00C67F7-4295-4602-BC31-F61FE9930D30}
	EndGlobalSection
	GlobalSection(ExtensibilityGlobals) = postSolution
		SolutionGuid = {D9613163-05A9-4716-88C4-FCE859400315}
	EndGlobalSection
EndGlobal
